
Microsoft Visual Studio Solution File, Format Version 12.00
# Visual Studio Version 17
VisualStudioVersion = 17.4.33205.214
MinimumVisualStudioVersion = 10.0.40219.1
Project("{9A19103F-16F7-4668-BE54-9A1E7A4F7556}") = "Exam-inadv-4", "Exam-inadv-0\Exam-inadv-4.csproj", "{EAC5BCD5-B387-42A7-AB87-2207F2C85572}"
EndProject
Project("{9A19103F-16F7-4668-BE54-9A1E7A4F7556}") = "Exam-inadv-1", "Exam-inadv-1\Exam-inadv-1.csproj", "{D71848E4-F0CE-4F06-A214-31F689F5C296}"
EndProject
Project("{9A19103F-16F7-4668-BE54-9A1E7A4F7556}") = "Exam-inadv-2", "Exam-inadv-2\Exam-inadv-2.csproj", "{31B031BA-65A7-4DB4-A55C-728508B88938}"
EndProject
Project("{9A19103F-16F7-4668-BE54-9A1E7A4F7556}") = "Exam-inadv-3", "Exam-inadv-3\Exam-inadv-3.csproj", "{AB08AFEC-4C33-4677-9A3E-E8FD13DB1632}"
EndProject
Project("{9A19103F-16F7-4668-BE54-9A1E7A4F7556}") = "Exam-inadv-5", "Exam-inadv-5\Exam-inadv-5.csproj", "{FD1240AF-B351-467D-9BB8-F6B9240C0228}"
EndProject
Project("{9A19103F-16F7-4668-BE54-9A1E7A4F7556}") = "Exam-inadv-6", "Exam-inadv-6\Exam-inadv-6.csproj", "{211BE056-2A0E-47E2-BE56-9BB93E1688CE}"
EndProject
Global
	GlobalSection(SolutionConfigurationPlatforms) = preSolution
		Debug|Any CPU = Debug|Any CPU
		Release|Any CPU = Release|Any CPU
	EndGlobalSection
	GlobalSection(ProjectConfigurationPlatforms) = postSolution
		{EAC5BCD5-B387-42A7-AB87-2207F2C85572}.Debug|Any CPU.ActiveCfg = Debug|Any CPU
		{EAC5BCD5-B387-42A7-AB87-2207F2C85572}.Debug|Any CPU.Build.0 = Debug|Any CPU
		{EAC5BCD5-B387-42A7-AB87-2207F2C85572}.Release|Any CPU.ActiveCfg = Release|Any CPU
		{EAC5BCD5-B387-42A7-AB87-2207F2C85572}.Release|Any CPU.Build.0 = Release|Any CPU
		{D71848E4-F0CE-4F06-A214-31F689F5C296}.Debug|Any CPU.ActiveCfg = Debug|Any CPU
		{D71848E4-F0CE-4F06-A214-31F689F5C296}.Debug|Any CPU.Build.0 = Debug|Any CPU
		{D71848E4-F0CE-4F06-A214-31F689F5C296}.Release|Any CPU.ActiveCfg = Release|Any CPU
		{D71848E4-F0CE-4F06-A214-31F689F5C296}.Release|Any CPU.Build.0 = Release|Any CPU
		{31B031BA-65A7-4DB4-A55C-728508B88938}.Debug|Any CPU.ActiveCfg = Debug|Any CPU
		{31B031BA-65A7-4DB4-A55C-728508B88938}.Debug|Any CPU.Build.0 = Debug|Any CPU
		{31B031BA-65A7-4DB4-A55C-728508B88938}.Release|Any CPU.ActiveCfg = Release|Any CPU
		{31B031BA-65A7-4DB4-A55C-728508B88938}.Release|Any CPU.Build.0 = Release|Any CPU
		{AB08AFEC-4C33-4677-9A3E-E8FD13DB1632}.Debug|Any CPU.ActiveCfg = Debug|Any CPU
		{AB08AFEC-4C33-4677-9A3E-E8FD13DB1632}.Debug|Any CPU.Build.0 = Debug|Any CPU
		{AB08AFEC-4C33-4677-9A3E-E8FD13DB1632}.Release|Any CPU.ActiveCfg = Release|Any CPU
		{AB08AFEC-4C33-4677-9A3E-E8FD13DB1632}.Release|Any CPU.Build.0 = Release|Any CPU
		{FD1240AF-B351-467D-9BB8-F6B9240C0228}.Debug|Any CPU.ActiveCfg = Debug|Any CPU
		{FD1240AF-B351-467D-9BB8-F6B9240C0228}.Debug|Any CPU.Build.0 = Debug|Any CPU
		{FD1240AF-B351-467D-9BB8-F6B9240C0228}.Release|Any CPU.ActiveCfg = Release|Any CPU
		{FD1240AF-B351-467D-9BB8-F6B9240C0228}.Release|Any CPU.Build.0 = Release|Any CPU
		{211BE056-2A0E-47E2-BE56-9BB93E1688CE}.Debug|Any CPU.ActiveCfg = Debug|Any CPU
		{211BE056-2A0E-47E2-BE56-9BB93E1688CE}.Debug|Any CPU.Build.0 = Debug|Any CPU
		{211BE056-2A0E-47E2-BE56-9BB93E1688CE}.Release|Any CPU.ActiveCfg = Release|Any CPU
		{211BE056-2A0E-47E2-BE56-9BB93E1688CE}.Release|Any CPU.Build.0 = Release|Any CPU
	EndGlobalSection
	GlobalSection(SolutionProperties) = preSolution
		HideSolutionNode = FALSE
	EndGlobalSection
	GlobalSection(ExtensibilityGlobals) = postSolution
		SolutionGuid = {651A1141-9E53-4536-B7FA-6997AFF270F6}
	EndGlobalSection
EndGlobal
